// !$*UTF8*$!
{
	archiveVersion = 1;
	classes = {
	};
	objectVersion = 46;
	objects = {

/* Begin PBXBuildFile section */
		28BF15D91C4BBA3C00956D41 /* AppDelegate.swift in Sources */ = {isa = PBXBuildFile; fileRef = 28BF15D81C4BBA3C00956D41 /* AppDelegate.swift */; };
		28BF15DB1C4BBA3C00956D41 /* ViewController.swift in Sources */ = {isa = PBXBuildFile; fileRef = 28BF15DA1C4BBA3C00956D41 /* ViewController.swift */; };
		28BF15DE1C4BBA3C00956D41 /* Main.storyboard in Resources */ = {isa = PBXBuildFile; fileRef = 28BF15DC1C4BBA3C00956D41 /* Main.storyboard */; };
		28BF15E11C4BBA3C00956D41 /* pkcourse.xcdatamodeld in Sources */ = {isa = PBXBuildFile; fileRef = 28BF15DF1C4BBA3C00956D41 /* pkcourse.xcdatamodeld */; };
		28BF15E31C4BBA3C00956D41 /* Assets.xcassets in Resources */ = {isa = PBXBuildFile; fileRef = 28BF15E21C4BBA3C00956D41 /* Assets.xcassets */; };
		28BF15E61C4BBA3C00956D41 /* LaunchScreen.storyboard in Resources */ = {isa = PBXBuildFile; fileRef = 28BF15E41C4BBA3C00956D41 /* LaunchScreen.storyboard */; };
		28BF15F11C4BBA3C00956D41 /* pkcourseTests.swift in Sources */ = {isa = PBXBuildFile; fileRef = 28BF15F01C4BBA3C00956D41 /* pkcourseTests.swift */; };
		28BF15FC1C4BBA3C00956D41 /* pkcourseUITests.swift in Sources */ = {isa = PBXBuildFile; fileRef = 28BF15FB1C4BBA3C00956D41 /* pkcourseUITests.swift */; };
/* End PBXBuildFile section */

/* Begin PBXContainerItemProxy section */
		28BF15ED1C4BBA3C00956D41 /* PBXContainerItemProxy */ = {
			isa = PBXContainerItemProxy;
			containerPortal = 28BF15CD1C4BBA3C00956D41 /* Project object */;
			proxyType = 1;
			remoteGlobalIDString = 28BF15D41C4BBA3C00956D41;
			remoteInfo = pkcourse;
		};
		28BF15F81C4BBA3C00956D41 /* PBXContainerItemProxy */ = {
			isa = PBXContainerItemProxy;
			containerPortal = 28BF15CD1C4BBA3C00956D41 /* Project object */;
			proxyType = 1;
			remoteGlobalIDString = 28BF15D41C4BBA3C00956D41;
			remoteInfo = pkcourse;
		};
/* End PBXContainerItemProxy section */

/* Begin PBXFileReference section */
		28BF15D51C4BBA3C00956D41 /* pkcourse.app */ = {isa = PBXFileReference; explicitFileType = wrapper.application; includeInIndex = 0; path = pkcourse.app; sourceTree = BUILT_PRODUCTS_DIR; };
		28BF15D81C4BBA3C00956D41 /* AppDelegate.swift */ = {isa = PBXFileReference; lastKnownFileType = sourcecode.swift; path = AppDelegate.swift; sourceTree = "<group>"; };
		28BF15DA1C4BBA3C00956D41 /* ViewController.swift */ = {isa = PBXFileReference; lastKnownFileType = sourcecode.swift; path = ViewController.swift; sourceTree = "<group>"; };
		28BF15DD1C4BBA3C00956D41 /* Base */ = {isa = PBXFileReference; lastKnownFileType = file.storyboard; name = Base; path = Base.lproj/Main.storyboard; sourceTree = "<group>"; };
		28BF15E01C4BBA3C00956D41 /* pkcourse.xcdatamodel */ = {isa = PBXFileReference; lastKnownFileType = wrapper.xcdatamodel; path = pkcourse.xcdatamodel; sourceTree = "<group>"; };
		28BF15E21C4BBA3C00956D41 /* Assets.xcassets */ = {isa = PBXFileReference; lastKnownFileType = folder.assetcatalog; path = Assets.xcassets; sourceTree = "<group>"; };
		28BF15E51C4BBA3C00956D41 /* Base */ = {isa = PBXFileReference; lastKnownFileType = file.storyboard; name = Base; path = Base.lproj/LaunchScreen.storyboard; sourceTree = "<group>"; };
		28BF15E71C4BBA3C00956D41 /* Info.plist */ = {isa = PBXFileReference; lastKnownFileType = text.plist.xml; path = Info.plist; sourceTree = "<group>"; };
		28BF15EC1C4BBA3C00956D41 /* pkcourseTests.xctest */ = {isa = PBXFileReference; explicitFileType = wrapper.cfbundle; includeInIndex = 0; path = pkcourseTests.xctest; sourceTree = BUILT_PRODUCTS_DIR; };
		28BF15F01C4BBA3C00956D41 /* pkcourseTests.swift */ = {isa = PBXFileReference; lastKnownFileType = sourcecode.swift; path = pkcourseTests.swift; sourceTree = "<group>"; };
		28BF15F21C4BBA3C00956D41 /* Info.plist */ = {isa = PBXFileReference; lastKnownFileType = text.plist.xml; path = Info.plist; sourceTree = "<group>"; };
		28BF15F71C4BBA3C00956D41 /* pkcourseUITests.xctest */ = {isa = PBXFileReference; explicitFileType = wrapper.cfbundle; includeInIndex = 0; path = pkcourseUITests.xctest; sourceTree = BUILT_PRODUCTS_DIR; };
		28BF15FB1C4BBA3C00956D41 /* pkcourseUITests.swift */ = {isa = PBXFileReference; lastKnownFileType = sourcecode.swift; path = pkcourseUITests.swift; sourceTree = "<group>"; };
		28BF15FD1C4BBA3C00956D41 /* Info.plist */ = {isa = PBXFileReference; lastKnownFileType = text.plist.xml; path = Info.plist; sourceTree = "<group>"; };
/* End PBXFileReference section */

/* Begin PBXFrameworksBuildPhase section */
		28BF15D21C4BBA3C00956D41 /* Frameworks */ = {
			isa = PBXFrameworksBuildPhase;
			buildActionMask = 2147483647;
			files = (
			);
			runOnlyForDeploymentPostprocessing = 0;
		};
		28BF15E91C4BBA3C00956D41 /* Frameworks */ = {
			isa = PBXFrameworksBuildPhase;
			buildActionMask = 2147483647;
			files = (
			);
			runOnlyForDeploymentPostprocessing = 0;
		};
		28BF15F41C4BBA3C00956D41 /* Frameworks */ = {
			isa = PBXFrameworksBuildPhase;
			buildActionMask = 2147483647;
			files = (
			);
			runOnlyForDeploymentPostprocessing = 0;
		};
/* End PBXFrameworksBuildPhase section */

/* Begin PBXGroup section */
		28BF15CC1C4BBA3C00956D41 = {
			isa = PBXGroup;
			children = (
				28BF15D71C4BBA3C00956D41 /* pkcourse */,
				28BF15EF1C4BBA3C00956D41 /* pkcourseTests */,
				28BF15FA1C4BBA3C00956D41 /* pkcourseUITests */,
				28BF15D61C4BBA3C00956D41 /* Products */,
			);
			sourceTree = "<group>";
		};
		28BF15D61C4BBA3C00956D41 /* Products */ = {
			isa = PBXGroup;
			children = (
				28BF15D51C4BBA3C00956D41 /* pkcourse.app */,
				28BF15EC1C4BBA3C00956D41 /* pkcourseTests.xctest */,
				28BF15F71C4BBA3C00956D41 /* pkcourseUITests.xctest */,
			);
			name = Products;
			sourceTree = "<group>";
		};
		28BF15D71C4BBA3C00956D41 /* pkcourse */ = {
			isa = PBXGroup;
			children = (
				28BF15D81C4BBA3C00956D41 /* AppDelegate.swift */,
				28BF15DA1C4BBA3C00956D41 /* ViewController.swift */,
				28BF15DC1C4BBA3C00956D41 /* Main.storyboard */,
				28BF15E21C4BBA3C00956D41 /* Assets.xcassets */,
				28BF15E41C4BBA3C00956D41 /* LaunchScreen.storyboard */,
				28BF15E71C4BBA3C00956D41 /* Info.plist */,
				28BF15DF1C4BBA3C00956D41 /* pkcourse.xcdatamodeld */,
			);
			path = pkcourse;
			sourceTree = "<group>";
		};
		28BF15EF1C4BBA3C00956D41 /* pkcourseTests */ = {
			isa = PBXGroup;
			children = (
				28BF15F01C4BBA3C00956D41 /* pkcourseTests.swift */,
				28BF15F21C4BBA3C00956D41 /* Info.plist */,
			);
			path = pkcourseTests;
			sourceTree = "<group>";
		};
		28BF15FA1C4BBA3C00956D41 /* pkcourseUITests */ = {
			isa = PBXGroup;
			children = (
				28BF15FB1C4BBA3C00956D41 /* pkcourseUITests.swift */,
				28BF15FD1C4BBA3C00956D41 /* Info.plist */,
			);
			path = pkcourseUITests;
			sourceTree = "<group>";
		};
/* End PBXGroup section */

/* Begin PBXNativeTarget section */
		28BF15D41C4BBA3C00956D41 /* pkcourse */ = {
			isa = PBXNativeTarget;
			buildConfigurationList = 28BF16001C4BBA3C00956D41 /* Build configuration list for PBXNativeTarget "pkcourse" */;
			buildPhases = (
				28BF15D11C4BBA3C00956D41 /* Sources */,
				28BF15D21C4BBA3C00956D41 /* Frameworks */,
				28BF15D31C4BBA3C00956D41 /* Resources */,
			);
			buildRules = (
			);
			dependencies = (
			);
			name = pkcourse;
			productName = pkcourse;
			productReference = 28BF15D51C4BBA3C00956D41 /* pkcourse.app */;
			productType = "com.apple.product-type.application";
		};
		28BF15EB1C4BBA3C00956D41 /* pkcourseTests */ = {
			isa = PBXNativeTarget;
			buildConfigurationList = 28BF16031C4BBA3C00956D41 /* Build configuration list for PBXNativeTarget "pkcourseTests" */;
			buildPhases = (
				28BF15E81C4BBA3C00956D41 /* Sources */,
				28BF15E91C4BBA3C00956D41 /* Frameworks */,
				28BF15EA1C4BBA3C00956D41 /* Resources */,
			);
			buildRules = (
			);
			dependencies = (
				28BF15EE1C4BBA3C00956D41 /* PBXTargetDependency */,
			);
			name = pkcourseTests;
			productName = pkcourseTests;
			productReference = 28BF15EC1C4BBA3C00956D41 /* pkcourseTests.xctest */;
			productType = "com.apple.product-type.bundle.unit-test";
		};
		28BF15F61C4BBA3C00956D41 /* pkcourseUITests */ = {
			isa = PBXNativeTarget;
			buildConfigurationList = 28BF16061C4BBA3C00956D41 /* Build configuration list for PBXNativeTarget "pkcourseUITests" */;
			buildPhases = (
				28BF15F31C4BBA3C00956D41 /* Sources */,
				28BF15F41C4BBA3C00956D41 /* Frameworks */,
				28BF15F51C4BBA3C00956D41 /* Resources */,
			);
			buildRules = (
			);
			dependencies = (
				28BF15F91C4BBA3C00956D41 /* PBXTargetDependency */,
			);
			name = pkcourseUITests;
			productName = pkcourseUITests;
			productReference = 28BF15F71C4BBA3C00956D41 /* pkcourseUITests.xctest */;
			productType = "com.apple.product-type.bundle.ui-testing";
		};
/* End PBXNativeTarget section */

/* Begin PBXProject section */
		28BF15CD1C4BBA3C00956D41 /* Project object */ = {
			isa = PBXProject;
			attributes = {
				LastSwiftUpdateCheck = 0720;
				LastUpgradeCheck = 0720;
				ORGANIZATIONNAME = "Neil Gardner";
				TargetAttributes = {
					28BF15D41C4BBA3C00956D41 = {
						CreatedOnToolsVersion = 7.2;
					};
					28BF15EB1C4BBA3C00956D41 = {
						CreatedOnToolsVersion = 7.2;
						TestTargetID = 28BF15D41C4BBA3C00956D41;
					};
					28BF15F61C4BBA3C00956D41 = {
						CreatedOnToolsVersion = 7.2;
						TestTargetID = 28BF15D41C4BBA3C00956D41;
					};
				};
			};
			buildConfigurationList = 28BF15D01C4BBA3C00956D41 /* Build configuration list for PBXProject "pkcourse" */;
			compatibilityVersion = "Xcode 3.2";
			developmentRegion = English;
			hasScannedForEncodings = 0;
			knownRegions = (
				en,
				Base,
			);
			mainGroup = 28BF15CC1C4BBA3C00956D41;
			productRefGroup = 28BF15D61C4BBA3C00956D41 /* Products */;
			projectDirPath = "";
			projectRoot = "";
			targets = (
				28BF15D41C4BBA3C00956D41 /* pkcourse */,
				28BF15EB1C4BBA3C00956D41 /* pkcourseTests */,
				28BF15F61C4BBA3C00956D41 /* pkcourseUITests */,
			);
		};
/* End PBXProject section */

/* Begin PBXResourcesBuildPhase section */
		28BF15D31C4BBA3C00956D41 /* Resources */ = {
			isa = PBXResourcesBuildPhase;
			buildActionMask = 2147483647;
			files = (
				28BF15E61C4BBA3C00956D41 /* LaunchScreen.storyboard in Resources */,
				28BF15E31C4BBA3C00956D41 /* Assets.xcassets in Resources */,
				28BF15DE1C4BBA3C00956D41 /* Main.storyboard in Resources */,
			);
			runOnlyForDeploymentPostprocessing = 0;
		};
		28BF15EA1C4BBA3C00956D41 /* Resources */ = {
			isa = PBXResourcesBuildPhase;
			buildActionMask = 2147483647;
			files = (
			);
			runOnlyForDeploymentPostprocessing = 0;
		};
		28BF15F51C4BBA3C00956D41 /* Resources */ = {
			isa = PBXResourcesBuildPhase;
			buildActionMask = 2147483647;
			files = (
			);
			runOnlyForDeploymentPostprocessing = 0;
		};
/* End PBXResourcesBuildPhase section */

/* Begin PBXSourcesBuildPhase section */
		28BF15D11C4BBA3C00956D41 /* Sources */ = {
			isa = PBXSourcesBuildPhase;
			buildActionMask = 2147483647;
			files = (
				28BF15DB1C4BBA3C00956D41 /* ViewController.swift in Sources */,
				28BF15D91C4BBA3C00956D41 /* AppDelegate.swift in Sources */,
				28BF15E11C4BBA3C00956D41 /* pkcourse.xcdatamodeld in Sources */,
			);
			runOnlyForDeploymentPostprocessing = 0;
		};
		28BF15E81C4BBA3C00956D41 /* Sources */ = {
			isa = PBXSourcesBuildPhase;
			buildActionMask = 2147483647;
			files = (
				28BF15F11C4BBA3C00956D41 /* pkcourseTests.swift in Sources */,
			);
			runOnlyForDeploymentPostprocessing = 0;
		};
		28BF15F31C4BBA3C00956D41 /* Sources */ = {
			isa = PBXSourcesBuildPhase;
			buildActionMask = 2147483647;
			files = (
				28BF15FC1C4BBA3C00956D41 /* pkcourseUITests.swift in Sources */,
			);
			runOnlyForDeploymentPostprocessing = 0;
		};
/* End PBXSourcesBuildPhase section */

/* Begin PBXTargetDependency section */
		28BF15EE1C4BBA3C00956D41 /* PBXTargetDependency */ = {
			isa = PBXTargetDependency;
			target = 28BF15D41C4BBA3C00956D41 /* pkcourse */;
			targetProxy = 28BF15ED1C4BBA3C00956D41 /* PBXContainerItemProxy */;
		};
		28BF15F91C4BBA3C00956D41 /* PBXTargetDependency */ = {
			isa = PBXTargetDependency;
			target = 28BF15D41C4BBA3C00956D41 /* pkcourse */;
			targetProxy = 28BF15F81C4BBA3C00956D41 /* PBXContainerItemProxy */;
		};
/* End PBXTargetDependency section */

/* Begin PBXVariantGroup section */
		28BF15DC1C4BBA3C00956D41 /* Main.storyboard */ = {
			isa = PBXVariantGroup;
			children = (
				28BF15DD1C4BBA3C00956D41 /* Base */,
			);
			name = Main.storyboard;
			sourceTree = "<group>";
		};
		28BF15E41C4BBA3C00956D41 /* LaunchScreen.storyboard */ = {
			isa = PBXVariantGroup;
			children = (
				28BF15E51C4BBA3C00956D41 /* Base */,
			);
			name = LaunchScreen.storyboard;
			sourceTree = "<group>";
		};
/* End PBXVariantGroup section */

/* Begin XCBuildConfiguration section */
		28BF15FE1C4BBA3C00956D41 /* Debug */ = {
			isa = XCBuildConfiguration;
			buildSettings = {
				ALWAYS_SEARCH_USER_PATHS = NO;
				CLANG_CXX_LANGUAGE_STANDARD = "gnu++0x";
				CLANG_CXX_LIBRARY = "libc++";
				CLANG_ENABLE_MODULES = YES;
				CLANG_ENABLE_OBJC_ARC = YES;
				CLANG_WARN_BOOL_CONVERSION = YES;
				CLANG_WARN_CONSTANT_CONVERSION = YES;
				CLANG_WARN_DIRECT_OBJC_ISA_USAGE = YES_ERROR;
				CLANG_WARN_EMPTY_BODY = YES;
				CLANG_WARN_ENUM_CONVERSION = YES;
				CLANG_WARN_INT_CONVERSION = YES;
				CLANG_WARN_OBJC_ROOT_CLASS = YES_ERROR;
				CLANG_WARN_UNREACHABLE_CODE = YES;
				CLANG_WARN__DUPLICATE_METHOD_MATCH = YES;
				"CODE_SIGN_IDENTITY[sdk=iphoneos*]" = "iPhone Developer";
				COPY_PHASE_STRIP = NO;
				DEBUG_INFORMATION_FORMAT = dwarf;
				ENABLE_STRICT_OBJC_MSGSEND = YES;
				ENABLE_TESTABILITY = YES;
				GCC_C_LANGUAGE_STANDARD = gnu99;
				GCC_DYNAMIC_NO_PIC = NO;
				GCC_NO_COMMON_BLOCKS = YES;
				GCC_OPTIMIZATION_LEVEL = 0;
				GCC_PREPROCESSOR_DEFINITIONS = (
					"DEBUG=1",
					"$(inherited)",
				);
				GCC_WARN_64_TO_32_BIT_CONVERSION = YES;
				GCC_WARN_ABOUT_RETURN_TYPE = YES_ERROR;
				GCC_WARN_UNDECLARED_SELECTOR = YES;
				GCC_WARN_UNINITIALIZED_AUTOS = YES_AGGRESSIVE;
				GCC_WARN_UNUSED_FUNCTION = YES;
				GCC_WARN_UNUSED_VARIABLE = YES;
				IPHONEOS_DEPLOYMENT_TARGET = 9.2;
				MTL_ENABLE_DEBUG_INFO = YES;
				ONLY_ACTIVE_ARCH = YES;
				SDKROOT = iphoneos;
				SWIFT_OPTIMIZATION_LEVEL = "-Onone";
				TARGETED_DEVICE_FAMILY = "1,2";
			};
			name = Debug;
		};
		28BF15FF1C4BBA3C00956D41 /* Release */ = {
			isa = XCBuildConfiguration;
			buildSettings = {
				ALWAYS_SEARCH_USER_PATHS = NO;
				CLANG_CXX_LANGUAGE_STANDARD = "gnu++0x";
				CLANG_CXX_LIBRARY = "libc++";
				CLANG_ENABLE_MODULES = YES;
				CLANG_ENABLE_OBJC_ARC = YES;
				CLANG_WARN_BOOL_CONVERSION = YES;
				CLANG_WARN_CONSTANT_CONVERSION = YES;
				CLANG_WARN_DIRECT_OBJC_ISA_USAGE = YES_ERROR;
				CLANG_WARN_EMPTY_BODY = YES;
				CLANG_WARN_ENUM_CONVERSION = YES;
				CLANG_WARN_INT_CONVERSION = YES;
				CLANG_WARN_OBJC_ROOT_CLASS = YES_ERROR;
				CLANG_WARN_UNREACHABLE_CODE = YES;
				CLANG_WARN__DUPLICATE_METHOD_MATCH = YES;
				"CODE_SIGN_IDENTITY[sdk=iphoneos*]" = "iPhone Developer";
				COPY_PHASE_STRIP = NO;
				DEBUG_INFORMATION_FORMAT = "dwarf-with-dsym";
				ENABLE_NS_ASSERTIONS = NO;
				ENABLE_STRICT_OBJC_MSGSEND = YES;
				GCC_C_LANGUAGE_STANDARD = gnu99;
				GCC_NO_COMMON_BLOCKS = YES;
				GCC_WARN_64_TO_32_BIT_CONVERSION = YES;
				GCC_WARN_ABOUT_RETURN_TYPE = YES_ERROR;
				GCC_WARN_UNDECLARED_SELECTOR = YES;
				GCC_WARN_UNINITIALIZED_AUTOS = YES_AGGRESSIVE;
				GCC_WARN_UNUSED_FUNCTION = YES;
				GCC_WARN_UNUSED_VARIABLE = YES;
				IPHONEOS_DEPLOYMENT_TARGET = 9.2;
				MTL_ENABLE_DEBUG_INFO = NO;
				SDKROOT = iphoneos;
				TARGETED_DEVICE_FAMILY = "1,2";
				VALIDATE_PRODUCT = YES;
			};
			name = Release;
		};
		28BF16011C4BBA3C00956D41 /* Debug */ = {
			isa = XCBuildConfiguration;
			buildSettings = {
				ASSETCATALOG_COMPILER_APPICON_NAME = AppIcon;
				INFOPLIST_FILE = pkcourse/Info.plist;
				LD_RUNPATH_SEARCH_PATHS = "$(inherited) @executable_path/Frameworks";
				PRODUCT_BUNDLE_IDENTIFIER = com.developer.mwfs.pkcourse;
				PRODUCT_NAME = "$(TARGET_NAME)";
			};
			name = Debug;
		};
		28BF16021C4BBA3C00956D41 /* Release */ = {
			isa = XCBuildConfiguration;
			buildSettings = {
				ASSETCATALOG_COMPILER_APPICON_NAME = AppIcon;
				INFOPLIST_FILE = pkcourse/Info.plist;
				LD_RUNPATH_SEARCH_PATHS = "$(inherited) @executable_path/Frameworks";
				PRODUCT_BUNDLE_IDENTIFIER = com.developer.mwfs.pkcourse;
				PRODUCT_NAME = "$(TARGET_NAME)";
			};
			name = Release;
		};
		28BF16041C4BBA3C00956D41 /* Debug */ = {
			isa = XCBuildConfiguration;
			buildSettings = {
				BUNDLE_LOADER = "$(TEST_HOST)";
				INFOPLIST_FILE = pkcourseTests/Info.plist;
				LD_RUNPATH_SEARCH_PATHS = "$(inherited) @executable_path/Frameworks @loader_path/Frameworks";
				PRODUCT_BUNDLE_IDENTIFIER = com.developer.mwfs.pkcourseTests;
				PRODUCT_NAME = "$(TARGET_NAME)";
				TEST_HOST = "$(BUILT_PRODUCTS_DIR)/pkcourse.app/pkcourse";
			};
			name = Debug;
		};
		28BF16051C4BBA3C00956D41 /* Release */ = {
			isa = XCBuildConfiguration;
			buildSettings = {
				BUNDLE_LOADER = "$(TEST_HOST)";
				INFOPLIST_FILE = pkcourseTests/Info.plist;
				LD_RUNPATH_SEARCH_PATHS = "$(inherited) @executable_path/Frameworks @loader_path/Frameworks";
				PRODUCT_BUNDLE_IDENTIFIER = com.developer.mwfs.pkcourseTests;
				PRODUCT_NAME = "$(TARGET_NAME)";
				TEST_HOST = "$(BUILT_PRODUCTS_DIR)/pkcourse.app/pkcourse";
			};
			name = Release;
		};
		28BF16071C4BBA3C00956D41 /* Debug */ = {
			isa = XCBuildConfiguration;
			buildSettings = {
				INFOPLIST_FILE = pkcourseUITests/Info.plist;
				LD_RUNPATH_SEARCH_PATHS = "$(inherited) @executable_path/Frameworks @loader_path/Frameworks";
				PRODUCT_BUNDLE_IDENTIFIER = com.developer.mwfs.pkcourseUITests;
				PRODUCT_NAME = "$(TARGET_NAME)";
				TEST_TARGET_NAME = pkcourse;
				USES_XCTRUNNER = YES;
			};
			name = Debug;
		};
		28BF16081C4BBA3C00956D41 /* Release */ = {
			isa = XCBuildConfiguration;
			buildSettings = {
				INFOPLIST_FILE = pkcourseUITests/Info.plist;
				LD_RUNPATH_SEARCH_PATHS = "$(inherited) @executable_path/Frameworks @loader_path/Frameworks";
				PRODUCT_BUNDLE_IDENTIFIER = com.developer.mwfs.pkcourseUITests;
				PRODUCT_NAME = "$(TARGET_NAME)";
				TEST_TARGET_NAME = pkcourse;
				USES_XCTRUNNER = YES;
			};
			name = Release;
		};
/* End XCBuildConfiguration section */

/* Begin XCConfigurationList section */
		28BF15D01C4BBA3C00956D41 /* Build configuration list for PBXProject "pkcourse" */ = {
			isa = XCConfigurationList;
			buildConfigurations = (
				28BF15FE1C4BBA3C00956D41 /* Debug */,
				28BF15FF1C4BBA3C00956D41 /* Release */,
			);
			defaultConfigurationIsVisible = 0;
			defaultConfigurationName = Release;
		};
		28BF16001C4BBA3C00956D41 /* Build configuration list for PBXNativeTarget "pkcourse" */ = {
			isa = XCConfigurationList;
			buildConfigurations = (
				28BF16011C4BBA3C00956D41 /* Debug */,
				28BF16021C4BBA3C00956D41 /* Release */,
			);
			defaultConfigurationIsVisible = 0;
		};
		28BF16031C4BBA3C00956D41 /* Build configuration list for PBXNativeTarget "pkcourseTests" */ = {
			isa = XCConfigurationList;
			buildConfigurations = (
				28BF16041C4BBA3C00956D41 /* Debug */,
				28BF16051C4BBA3C00956D41 /* Release */,
			);
			defaultConfigurationIsVisible = 0;
		};
		28BF16061C4BBA3C00956D41 /* Build configuration list for PBXNativeTarget "pkcourseUITests" */ = {
			isa = XCConfigurationList;
			buildConfigurations = (
				28BF16071C4BBA3C00956D41 /* Debug */,
				28BF16081C4BBA3C00956D41 /* Release */,
			);
			defaultConfigurationIsVisible = 0;
		};
/* End XCConfigurationList section */

/* Begin XCVersionGroup section */
		28BF15DF1C4BBA3C00956D41 /* pkcourse.xcdatamodeld */ = {
			isa = XCVersionGroup;
			children = (
				28BF15E01C4BBA3C00956D41 /* pkcourse.xcdatamodel */,
			);
			currentVersion = 28BF15E01C4BBA3C00956D41 /* pkcourse.xcdatamodel */;
			path = pkcourse.xcdatamodeld;
			sourceTree = "<group>";
			versionGroupType = wrapper.xcdatamodel;
		};
/* End XCVersionGroup section */
	};
	rootObject = 28BF15CD1C4BBA3C00956D41 /* Project object */;
}
